{
  "originHash" : "90550fa4ba450c75f56a983069517d033278c682e6025b65164491ac99b762db",
  "pins" : [
    {
      "identity" : "grdb.swift",
      "kind" : "remoteSourceControl",
      "location" : "https://github.com/groue/GRDB.swift",
      "state" : {
        "revision" : "2cf6c756e1e5ef6901ebae16576a7e4e4b834622",
        "version" : "6.29.3"
      }
    }
  ],
  "version" : 3
}
